<?xml version="1.0" encoding="utf-8"?>
<Project ToolsVersion="4.0" xmlns="http://schemas.microsoft.com/developer/msbuild/2003">
  <ItemGroup>
    <Filter Include="Source Files">
      <UniqueIdentifier>{4FC737F1-C7A5-4376-A066-2A32D752A2FF}</UniqueIdentifier>
      <Extensions>cpp;c;cc;cxx;def;odl;idl;hpj;bat;asm;asmx</Extensions>
    </Filter>
    <Filter Include="Header Files">
      <UniqueIdentifier>{93995380-89BD-4b04-88EB-625FBE52EBFB}</UniqueIdentifier>
      <Extensions>h;hh;hpp;hxx;hm;inl;inc;ipp;xsd</Extensions>
    </Filter>
    <Filter Include="Resource Files">
      <UniqueIdentifier>{67DA6AB6-F800-4c08-8B7A-83BB121AAD01}</UniqueIdentifier>
      <Extensions>rc;ico;cur;bmp;dlg;rc2;rct;bin;rgs;gif;jpg;jpeg;jpe;resx;tiff;tif;png;wav;mfcribbon-ms</Extensions>
    </Filter>
  </ItemGroup>
  <ItemGroup>
    <ClInclude Include="AtiRoNya.h">
      <Filter>Header Files</Filter>
    </ClInclude>
    <ClInclude Include="Detours\detours.h">
      <Filter>Header Files</Filter>
    </ClInclude>
    <ClInclude Include="Detours\detver.h">
      <Filter>Header Files</Filter>
    </ClInclude>
    <ClInclude Include="Detours\syelog.h">
      <Filter>Header Files</Filter>
    </ClInclude>
    <ClInclude Include="InternalHelpers.hpp">
      <Filter>Header Files</Filter>
    </ClInclude>
    <ClInclude Include="Hooking\Hooks.h">
      <Filter>Header Files</Filter>
    </ClInclude>
    <ClInclude Include="Bridge\Bridge.h">
      <Filter>Header Files</Filter>
    </ClInclude>
    <ClInclude Include="Bridge\Metadata\Metadata.h">
      <Filter>Header Files</Filter>
    </ClInclude>
    <ClInclude Include="Bridge\Assembly\Assembly.h">
      <Filter>Header Files</Filter>
    </ClInclude>
    <ClInclude Include="Bridge\Class\Class.h">
      <Filter>Header Files</Filter>
    </ClInclude>
    <ClInclude Include="Bridge\Method\Method.h">
      <Filter>Header Files</Filter>
    </ClInclude>
    <ClInclude Include="resource.h">
      <Filter>Header Files</Filter>
    </ClInclude>
    <ClInclude Include="Externals\MonoExternals.h">
      <Filter>Header Files</Filter>
    </ClInclude>
    <ClInclude Include="Bridge\String\String.h">
      <Filter>Header Files</Filter>
    </ClInclude>
    <ClInclude Include="Bridge\Array\Array.h">
      <Filter>Header Files</Filter>
    </ClInclude>
  </ItemGroup>
  <ItemGroup>
    <ClCompile Include="AtiRoNya.cpp">
      <Filter>Source Files</Filter>
    </ClCompile>
    <ClCompile Include="Hooking\Hooks.cpp">
      <Filter>Source Files</Filter>
    </ClCompile>
    <ClCompile Include="Bridge\Metadata\Metadata.cpp">
      <Filter>Source Files</Filter>
    </ClCompile>
    <ClCompile Include="Bridge\Assembly\Assembly.cpp">
      <Filter>Source Files</Filter>
    </ClCompile>
    <ClCompile Include="Bridge\Class\Class.cpp">
      <Filter>Source Files</Filter>
    </ClCompile>
    <ClCompile Include="Bridge\Method\Method.cpp">
      <Filter>Source Files</Filter>
    </ClCompile>
    <ClCompile Include="Externals\MonoExternals.cpp">
      <Filter>Source Files</Filter>
    </ClCompile>
    <ClCompile Include="Bridge\String\String.cpp">
      <Filter>Source Files</Filter>
    </ClCompile>
    <ClCompile Include="Bridge\Array\Array.cpp">
      <Filter>Source Files</Filter>
    </ClCompile>
  </ItemGroup>
  <ItemGroup>
    <ResourceCompile Include="AtiRoNya.rc">
      <Filter>Resource Files</Filter>
    </ResourceCompile>
  </ItemGroup>
</Project>